
Microsoft Visual Studio Solution File, Format Version 12.00
# Visual Studio Version 17
VisualStudioVersion = 17.5.002.0
MinimumVisualStudioVersion = 10.0.40219.1
Project("{9A19103F-16F7-4668-BE54-9A1E7A4F7556}") = "Dungens_and_danger", "Dungens_and_danger.csproj", "{A197093C-15E2-481E-9E56-0DB193B780EA}"
EndProject
Global
	GlobalSection(SolutionConfigurationPlatforms) = preSolution
		Debug|Any CPU = Debug|Any CPU
		Release|Any CPU = Release|Any CPU
	EndGlobalSection
	GlobalSection(ProjectConfigurationPlatforms) = postSolution
		{A197093C-15E2-481E-9E56-0DB193B780EA}.Debug|Any CPU.ActiveCfg = Debug|Any CPU
		{A197093C-15E2-481E-9E56-0DB193B780EA}.Debug|Any CPU.Build.0 = Debug|Any CPU
		{A197093C-15E2-481E-9E56-0DB193B780EA}.Release|Any CPU.ActiveCfg = Release|Any CPU
		{A197093C-15E2-481E-9E56-0DB193B780EA}.Release|Any CPU.Build.0 = Release|Any CPU
	EndGlobalSection
	GlobalSection(SolutionProperties) = preSolution
		HideSolutionNode = FALSE
	EndGlobalSection
	GlobalSection(ExtensibilityGlobals) = postSolution
		SolutionGuid = {FAFFA968-5ED4-4E97-80D5-863B95D2887B}
	EndGlobalSection
EndGlobal
